
Microsoft Visual Studio Solution File, Format Version 12.00
# Visual Studio Version 17
VisualStudioVersion = 17.3.32825.248
MinimumVisualStudioVersion = 10.0.40219.1
Project("{FAE04EC0-301F-11D3-BF4B-00C04F79EFBC}") = "Basura73", "Basura73\Basura73.csproj", "{375F2F70-838F-4C1D-840F-B564F7185A3E}"
EndProject
Global
	GlobalSection(SolutionConfigurationPlatforms) = preSolution
		Debug|Any CPU = Debug|Any CPU
		Release|Any CPU = Release|Any CPU
	EndGlobalSection
	GlobalSection(ProjectConfigurationPlatforms) = postSolution
		{375F2F70-838F-4C1D-840F-B564F7185A3E}.Debug|Any CPU.ActiveCfg = Debug|Any CPU
		{375F2F70-838F-4C1D-840F-B564F7185A3E}.Debug|Any CPU.Build.0 = Debug|Any CPU
		{375F2F70-838F-4C1D-840F-B564F7185A3E}.Release|Any CPU.ActiveCfg = Release|Any CPU
		{375F2F70-838F-4C1D-840F-B564F7185A3E}.Release|Any CPU.Build.0 = Release|Any CPU
	EndGlobalSection
	GlobalSection(SolutionProperties) = preSolution
		HideSolutionNode = FALSE
	EndGlobalSection
	GlobalSection(ExtensibilityGlobals) = postSolution
		SolutionGuid = {69601A5B-DF47-4ECA-8046-6467BEF0DCC1}
	EndGlobalSection
EndGlobal
