
Microsoft Visual Studio Solution File, Format Version 12.00
# Visual Studio Version 17
VisualStudioVersion = 17.7.34024.191
MinimumVisualStudioVersion = 10.0.40219.1
Project("{FAE04EC0-301F-11D3-BF4B-00C04F79EFBC}") = "TPVLib", "TPVLib\TPVLib.csproj", "{79023122-5AEF-4E6C-9B82-5A78685CBA0A}"
EndProject
Project("{FAE04EC0-301F-11D3-BF4B-00C04F79EFBC}") = "TPV", "TPV\TPV.csproj", "{98621C4B-924D-4CEC-AEF0-725E4FBB1F1E}"
EndProject
Global
	GlobalSection(SolutionConfigurationPlatforms) = preSolution
		Debug|Any CPU = Debug|Any CPU
		Release|Any CPU = Release|Any CPU
	EndGlobalSection
	GlobalSection(ProjectConfigurationPlatforms) = postSolution
		{79023122-5AEF-4E6C-9B82-5A78685CBA0A}.Debug|Any CPU.ActiveCfg = Debug|Any CPU
		{79023122-5AEF-4E6C-9B82-5A78685CBA0A}.Debug|Any CPU.Build.0 = Debug|Any CPU
		{79023122-5AEF-4E6C-9B82-5A78685CBA0A}.Release|Any CPU.ActiveCfg = Release|Any CPU
		{79023122-5AEF-4E6C-9B82-5A78685CBA0A}.Release|Any CPU.Build.0 = Release|Any CPU
		{98621C4B-924D-4CEC-AEF0-725E4FBB1F1E}.Debug|Any CPU.ActiveCfg = Debug|Any CPU
		{98621C4B-924D-4CEC-AEF0-725E4FBB1F1E}.Debug|Any CPU.Build.0 = Debug|Any CPU
		{98621C4B-924D-4CEC-AEF0-725E4FBB1F1E}.Release|Any CPU.ActiveCfg = Release|Any CPU
		{98621C4B-924D-4CEC-AEF0-725E4FBB1F1E}.Release|Any CPU.Build.0 = Release|Any CPU
	EndGlobalSection
	GlobalSection(SolutionProperties) = preSolution
		HideSolutionNode = FALSE
	EndGlobalSection
	GlobalSection(ExtensibilityGlobals) = postSolution
		SolutionGuid = {6DA1E8D4-9030-434E-B3B8-442001FEE486}
	EndGlobalSection
EndGlobal
