
Microsoft Visual Studio Solution File, Format Version 12.00
# Visual Studio Version 17
VisualStudioVersion = 17.3.32825.248
MinimumVisualStudioVersion = 10.0.40219.1
Project("{FAE04EC0-301F-11D3-BF4B-00C04F79EFBC}") = "DAMLibTest", "DAMLibTest\DAMLibTest.csproj", "{4944AB3B-FF43-4DC0-9B27-D3B64F82FAEB}"
EndProject
Global
	GlobalSection(SolutionConfigurationPlatforms) = preSolution
		Debug|Any CPU = Debug|Any CPU
		Release|Any CPU = Release|Any CPU
	EndGlobalSection
	GlobalSection(ProjectConfigurationPlatforms) = postSolution
		{4944AB3B-FF43-4DC0-9B27-D3B64F82FAEB}.Debug|Any CPU.ActiveCfg = Debug|Any CPU
		{4944AB3B-FF43-4DC0-9B27-D3B64F82FAEB}.Debug|Any CPU.Build.0 = Debug|Any CPU
		{4944AB3B-FF43-4DC0-9B27-D3B64F82FAEB}.Release|Any CPU.ActiveCfg = Release|Any CPU
		{4944AB3B-FF43-4DC0-9B27-D3B64F82FAEB}.Release|Any CPU.Build.0 = Release|Any CPU
	EndGlobalSection
	GlobalSection(SolutionProperties) = preSolution
		HideSolutionNode = FALSE
	EndGlobalSection
	GlobalSection(ExtensibilityGlobals) = postSolution
		SolutionGuid = {DEAA2425-8956-486F-8B03-3977EC7E2996}
	EndGlobalSection
EndGlobal
