
Microsoft Visual Studio Solution File, Format Version 12.00
# Visual Studio Version 17
VisualStudioVersion = 17.7.34024.191
MinimumVisualStudioVersion = 10.0.40219.1
Project("{9A19103F-16F7-4668-BE54-9A1E7A4F7556}") = "MiPrimerWPF", "MiPrimerWPF\MiPrimerWPF.csproj", "{043AA51F-4EC4-4088-960C-72013A38A3E3}"
EndProject
Project("{FAE04EC0-301F-11D3-BF4B-00C04F79EFBC}") = "StudentLib", "StudentLib\StudentLib.csproj", "{6F8186CC-DA61-4400-85D6-86B662780656}"
EndProject
Global
	GlobalSection(SolutionConfigurationPlatforms) = preSolution
		Debug|Any CPU = Debug|Any CPU
		Release|Any CPU = Release|Any CPU
	EndGlobalSection
	GlobalSection(ProjectConfigurationPlatforms) = postSolution
		{043AA51F-4EC4-4088-960C-72013A38A3E3}.Debug|Any CPU.ActiveCfg = Debug|Any CPU
		{043AA51F-4EC4-4088-960C-72013A38A3E3}.Debug|Any CPU.Build.0 = Debug|Any CPU
		{043AA51F-4EC4-4088-960C-72013A38A3E3}.Release|Any CPU.ActiveCfg = Release|Any CPU
		{043AA51F-4EC4-4088-960C-72013A38A3E3}.Release|Any CPU.Build.0 = Release|Any CPU
		{6F8186CC-DA61-4400-85D6-86B662780656}.Debug|Any CPU.ActiveCfg = Debug|Any CPU
		{6F8186CC-DA61-4400-85D6-86B662780656}.Debug|Any CPU.Build.0 = Debug|Any CPU
		{6F8186CC-DA61-4400-85D6-86B662780656}.Release|Any CPU.ActiveCfg = Release|Any CPU
		{6F8186CC-DA61-4400-85D6-86B662780656}.Release|Any CPU.Build.0 = Release|Any CPU
	EndGlobalSection
	GlobalSection(SolutionProperties) = preSolution
		HideSolutionNode = FALSE
	EndGlobalSection
	GlobalSection(ExtensibilityGlobals) = postSolution
		SolutionGuid = {D7A9B06D-5449-4368-A84E-878A9C182575}
	EndGlobalSection
EndGlobal
