
Microsoft Visual Studio Solution File, Format Version 12.00
# Visual Studio Version 17
VisualStudioVersion = 17.3.32825.248
MinimumVisualStudioVersion = 10.0.40219.1
Project("{FAE04EC0-301F-11D3-BF4B-00C04F79EFBC}") = "Dolphin", "Dolphin\Dolphin.csproj", "{D624CAF7-8115-4E3C-B1C1-DED7E6FC6CEA}"
EndProject
Global
	GlobalSection(SolutionConfigurationPlatforms) = preSolution
		Debug|Any CPU = Debug|Any CPU
		Release|Any CPU = Release|Any CPU
	EndGlobalSection
	GlobalSection(ProjectConfigurationPlatforms) = postSolution
		{D624CAF7-8115-4E3C-B1C1-DED7E6FC6CEA}.Debug|Any CPU.ActiveCfg = Debug|Any CPU
		{D624CAF7-8115-4E3C-B1C1-DED7E6FC6CEA}.Debug|Any CPU.Build.0 = Debug|Any CPU
		{D624CAF7-8115-4E3C-B1C1-DED7E6FC6CEA}.Release|Any CPU.ActiveCfg = Release|Any CPU
		{D624CAF7-8115-4E3C-B1C1-DED7E6FC6CEA}.Release|Any CPU.Build.0 = Release|Any CPU
	EndGlobalSection
	GlobalSection(SolutionProperties) = preSolution
		HideSolutionNode = FALSE
	EndGlobalSection
	GlobalSection(ExtensibilityGlobals) = postSolution
		SolutionGuid = {54C38417-BC62-45F5-A384-2D0DC93FD432}
	EndGlobalSection
EndGlobal
