
Microsoft Visual Studio Solution File, Format Version 12.00
# Visual Studio Version 17
VisualStudioVersion = 17.7.34024.191
MinimumVisualStudioVersion = 10.0.40219.1
Project("{FAE04EC0-301F-11D3-BF4B-00C04F79EFBC}") = "NdupCopy", "NdupCopy\NdupCopy.csproj", "{708EA2F7-94A7-4E96-A2E8-C889FB8C3CF5}"
EndProject
Global
	GlobalSection(SolutionConfigurationPlatforms) = preSolution
		Debug|Any CPU = Debug|Any CPU
		Release|Any CPU = Release|Any CPU
	EndGlobalSection
	GlobalSection(ProjectConfigurationPlatforms) = postSolution
		{708EA2F7-94A7-4E96-A2E8-C889FB8C3CF5}.Debug|Any CPU.ActiveCfg = Debug|Any CPU
		{708EA2F7-94A7-4E96-A2E8-C889FB8C3CF5}.Debug|Any CPU.Build.0 = Debug|Any CPU
		{708EA2F7-94A7-4E96-A2E8-C889FB8C3CF5}.Release|Any CPU.ActiveCfg = Release|Any CPU
		{708EA2F7-94A7-4E96-A2E8-C889FB8C3CF5}.Release|Any CPU.Build.0 = Release|Any CPU
	EndGlobalSection
	GlobalSection(SolutionProperties) = preSolution
		HideSolutionNode = FALSE
	EndGlobalSection
	GlobalSection(ExtensibilityGlobals) = postSolution
		SolutionGuid = {7E348DCC-D833-4470-AF85-C58C496155D0}
	EndGlobalSection
EndGlobal
